
Microsoft Visual Studio Solution File, Format Version 12.00
# Visual Studio Version 17
VisualStudioVersion = 17.10.35122.118
MinimumVisualStudioVersion = 10.0.40219.1
Project("{FAE04EC0-301F-11D3-BF4B-00C04F79EFBC}") = "TUTOR", "TUTOR\TUTOR.csproj", "{AE395674-23B8-47C4-9D35-5A1EBF751579}"
EndProject
Global
	GlobalSection(SolutionConfigurationPlatforms) = preSolution
		Debug|Any CPU = Debug|Any CPU
		Release|Any CPU = Release|Any CPU
	EndGlobalSection
	GlobalSection(ProjectConfigurationPlatforms) = postSolution
		{AE395674-23B8-47C4-9D35-5A1EBF751579}.Debug|Any CPU.ActiveCfg = Debug|Any CPU
		{AE395674-23B8-47C4-9D35-5A1EBF751579}.Debug|Any CPU.Build.0 = Debug|Any CPU
		{AE395674-23B8-47C4-9D35-5A1EBF751579}.Release|Any CPU.ActiveCfg = Release|Any CPU
		{AE395674-23B8-47C4-9D35-5A1EBF751579}.Release|Any CPU.Build.0 = Release|Any CPU
	EndGlobalSection
	GlobalSection(SolutionProperties) = preSolution
		HideSolutionNode = FALSE
	EndGlobalSection
	GlobalSection(ExtensibilityGlobals) = postSolution
		SolutionGuid = {0B573616-6E36-410F-B5DA-37A1EDA2C08A}
	EndGlobalSection
EndGlobal
